// !$*UTF8*$!
{
	archiveVersion = 1;
	classes = {
	};
	objectVersion = 56;
	objects = {

/* Begin PBXBuildFile section */
		52026CAA2BDF3285009B8825 /* AnimaliaApp.swift in Sources */ = {isa = PBXBuildFile; fileRef = 52026CA92BDF3285009B8825 /* AnimaliaApp.swift */; };
		52026CAC2BDF3285009B8825 /* ContentView.swift in Sources */ = {isa = PBXBuildFile; fileRef = 52026CAB2BDF3285009B8825 /* ContentView.swift */; };
		52026CAE2BDF3286009B8825 /* Assets.xcassets in Resources */ = {isa = PBXBuildFile; fileRef = 52026CAD2BDF3286009B8825 /* Assets.xcassets */; };
		52026CB12BDF3286009B8825 /* Preview Assets.xcassets in Resources */ = {isa = PBXBuildFile; fileRef = 52026CB02BDF3286009B8825 /* Preview Assets.xcassets */; };
		52026CBF2BDF3573009B8825 /* animals.json in Resources */ = {isa = PBXBuildFile; fileRef = 52026CBA2BDF3573009B8825 /* animals.json */; };
		52026CC02BDF3573009B8825 /* covers.json in Resources */ = {isa = PBXBuildFile; fileRef = 52026CBB2BDF3573009B8825 /* covers.json */; };
		52026CC12BDF3573009B8825 /* locations.json in Resources */ = {isa = PBXBuildFile; fileRef = 52026CBC2BDF3573009B8825 /* locations.json */; };
		52026CC22BDF3573009B8825 /* videos.json in Resources */ = {isa = PBXBuildFile; fileRef = 52026CBD2BDF3573009B8825 /* videos.json */; };
		52026CC62BDF37E9009B8825 /* CoverImageView.swift in Sources */ = {isa = PBXBuildFile; fileRef = 52026CC52BDF37E9009B8825 /* CoverImageView.swift */; };
		52026CC92BDF38F3009B8825 /* CoverImageModel.swift in Sources */ = {isa = PBXBuildFile; fileRef = 52026CC82BDF38F3009B8825 /* CoverImageModel.swift */; };
		52026CCC2BDF39CA009B8825 /* Bundle+Ext.swift in Sources */ = {isa = PBXBuildFile; fileRef = 52026CCB2BDF39CA009B8825 /* Bundle+Ext.swift */; };
		52026CCF2BDF43CE009B8825 /* AnimalModel.swift in Sources */ = {isa = PBXBuildFile; fileRef = 52026CCE2BDF43CE009B8825 /* AnimalModel.swift */; };
		52026CD12BDF44A1009B8825 /* AnimalListItemView.swift in Sources */ = {isa = PBXBuildFile; fileRef = 52026CD02BDF44A1009B8825 /* AnimalListItemView.swift */; };
/* End PBXBuildFile section */

/* Begin PBXFileReference section */
		52026CA62BDF3285009B8825 /* Animalia.app */ = {isa = PBXFileReference; explicitFileType = wrapper.application; includeInIndex = 0; path = Animalia.app; sourceTree = BUILT_PRODUCTS_DIR; };
		52026CA92BDF3285009B8825 /* AnimaliaApp.swift */ = {isa = PBXFileReference; lastKnownFileType = sourcecode.swift; path = AnimaliaApp.swift; sourceTree = "<group>"; };
		52026CAB2BDF3285009B8825 /* ContentView.swift */ = {isa = PBXFileReference; lastKnownFileType = sourcecode.swift; path = ContentView.swift; sourceTree = "<group>"; };
		52026CAD2BDF3286009B8825 /* Assets.xcassets */ = {isa = PBXFileReference; lastKnownFileType = folder.assetcatalog; path = Assets.xcassets; sourceTree = "<group>"; };
		52026CB02BDF3286009B8825 /* Preview Assets.xcassets */ = {isa = PBXFileReference; lastKnownFileType = folder.assetcatalog; path = "Preview Assets.xcassets"; sourceTree = "<group>"; };
		52026CBA2BDF3573009B8825 /* animals.json */ = {isa = PBXFileReference; fileEncoding = 4; lastKnownFileType = text.json; path = animals.json; sourceTree = "<group>"; };
		52026CBB2BDF3573009B8825 /* covers.json */ = {isa = PBXFileReference; fileEncoding = 4; lastKnownFileType = text.json; path = covers.json; sourceTree = "<group>"; };
		52026CBC2BDF3573009B8825 /* locations.json */ = {isa = PBXFileReference; fileEncoding = 4; lastKnownFileType = text.json; path = locations.json; sourceTree = "<group>"; };
		52026CBD2BDF3573009B8825 /* videos.json */ = {isa = PBXFileReference; fileEncoding = 4; lastKnownFileType = text.json; path = videos.json; sourceTree = "<group>"; };
		52026CC52BDF37E9009B8825 /* CoverImageView.swift */ = {isa = PBXFileReference; lastKnownFileType = sourcecode.swift; path = CoverImageView.swift; sourceTree = "<group>"; };
		52026CC82BDF38F3009B8825 /* CoverImageModel.swift */ = {isa = PBXFileReference; lastKnownFileType = sourcecode.swift; path = CoverImageModel.swift; sourceTree = "<group>"; };
		52026CCB2BDF39CA009B8825 /* Bundle+Ext.swift */ = {isa = PBXFileReference; lastKnownFileType = sourcecode.swift; path = "Bundle+Ext.swift"; sourceTree = "<group>"; };
		52026CCD2BDF3FED009B8825 /* Info.plist */ = {isa = PBXFileReference; lastKnownFileType = text.plist; path = Info.plist; sourceTree = "<group>"; };
		52026CCE2BDF43CE009B8825 /* AnimalModel.swift */ = {isa = PBXFileReference; lastKnownFileType = sourcecode.swift; path = AnimalModel.swift; sourceTree = "<group>"; };
		52026CD02BDF44A1009B8825 /* AnimalListItemView.swift */ = {isa = PBXFileReference; lastKnownFileType = sourcecode.swift; path = AnimalListItemView.swift; sourceTree = "<group>"; };
/* End PBXFileReference section */

/* Begin PBXFrameworksBuildPhase section */
		52026CA32BDF3285009B8825 /* Frameworks */ = {
			isa = PBXFrameworksBuildPhase;
			buildActionMask = 2147483647;
			files = (
			);
			runOnlyForDeploymentPostprocessing = 0;
		};
/* End PBXFrameworksBuildPhase section */

/* Begin PBXGroup section */
		52026C9D2BDF3285009B8825 = {
			isa = PBXGroup;
			children = (
				52026CA82BDF3285009B8825 /* Animalia */,
				52026CA72BDF3285009B8825 /* Products */,
			);
			sourceTree = "<group>";
		};
		52026CA72BDF3285009B8825 /* Products */ = {
			isa = PBXGroup;
			children = (
				52026CA62BDF3285009B8825 /* Animalia.app */,
			);
			name = Products;
			sourceTree = "<group>";
		};
		52026CA82BDF3285009B8825 /* Animalia */ = {
			isa = PBXGroup;
			children = (
				52026CCD2BDF3FED009B8825 /* Info.plist */,
				52026CCA2BDF3986009B8825 /* Extensions */,
				52026CC32BDF379D009B8825 /* Modules */,
				52026CB72BDF3299009B8825 /* App */,
				52026CB82BDF32A4009B8825 /* Main */,
				52026CB92BDF32AC009B8825 /* Resources */,
				52026CAF2BDF3286009B8825 /* Preview Content */,
			);
			path = Animalia;
			sourceTree = "<group>";
		};
		52026CAF2BDF3286009B8825 /* Preview Content */ = {
			isa = PBXGroup;
			children = (
				52026CB02BDF3286009B8825 /* Preview Assets.xcassets */,
			);
			path = "Preview Content";
			sourceTree = "<group>";
		};
		52026CB72BDF3299009B8825 /* App */ = {
			isa = PBXGroup;
			children = (
				52026CA92BDF3285009B8825 /* AnimaliaApp.swift */,
			);
			path = App;
			sourceTree = "<group>";
		};
		52026CB82BDF32A4009B8825 /* Main */ = {
			isa = PBXGroup;
			children = (
				52026CAB2BDF3285009B8825 /* ContentView.swift */,
			);
			path = Main;
			sourceTree = "<group>";
		};
		52026CB92BDF32AC009B8825 /* Resources */ = {
			isa = PBXGroup;
			children = (
				52026CBE2BDF3573009B8825 /* Data */,
				52026CAD2BDF3286009B8825 /* Assets.xcassets */,
			);
			path = Resources;
			sourceTree = "<group>";
		};
		52026CBE2BDF3573009B8825 /* Data */ = {
			isa = PBXGroup;
			children = (
				52026CBA2BDF3573009B8825 /* animals.json */,
				52026CBB2BDF3573009B8825 /* covers.json */,
				52026CBC2BDF3573009B8825 /* locations.json */,
				52026CBD2BDF3573009B8825 /* videos.json */,
			);
			path = Data;
			sourceTree = "<group>";
		};
		52026CC32BDF379D009B8825 /* Modules */ = {
			isa = PBXGroup;
			children = (
				52026CC72BDF3843009B8825 /* Models */,
				52026CC42BDF37B1009B8825 /* Screen */,
			);
			path = Modules;
			sourceTree = "<group>";
		};
		52026CC42BDF37B1009B8825 /* Screen */ = {
			isa = PBXGroup;
			children = (
				52026CC52BDF37E9009B8825 /* CoverImageView.swift */,
				52026CD02BDF44A1009B8825 /* AnimalListItemView.swift */,
			);
			path = Screen;
			sourceTree = "<group>";
		};
		52026CC72BDF3843009B8825 /* Models */ = {
			isa = PBXGroup;
			children = (
				52026CC82BDF38F3009B8825 /* CoverImageModel.swift */,
				52026CCE2BDF43CE009B8825 /* AnimalModel.swift */,
			);
			path = Models;
			sourceTree = "<group>";
		};
		52026CCA2BDF3986009B8825 /* Extensions */ = {
			isa = PBXGroup;
			children = (
				52026CCB2BDF39CA009B8825 /* Bundle+Ext.swift */,
			);
			path = Extensions;
			sourceTree = "<group>";
		};
/* End PBXGroup section */

/* Begin PBXNativeTarget section */
		52026CA52BDF3285009B8825 /* Animalia */ = {
			isa = PBXNativeTarget;
			buildConfigurationList = 52026CB42BDF3286009B8825 /* Build configuration list for PBXNativeTarget "Animalia" */;
			buildPhases = (
				52026CA22BDF3285009B8825 /* Sources */,
				52026CA32BDF3285009B8825 /* Frameworks */,
				52026CA42BDF3285009B8825 /* Resources */,
			);
			buildRules = (
			);
			dependencies = (
			);
			name = Animalia;
			productName = Animalia;
			productReference = 52026CA62BDF3285009B8825 /* Animalia.app */;
			productType = "com.apple.product-type.application";
		};
/* End PBXNativeTarget section */

/* Begin PBXProject section */
		52026C9E2BDF3285009B8825 /* Project object */ = {
			isa = PBXProject;
			attributes = {
				BuildIndependentTargetsInParallel = 1;
				LastSwiftUpdateCheck = 1530;
				LastUpgradeCheck = 1530;
				TargetAttributes = {
					52026CA52BDF3285009B8825 = {
						CreatedOnToolsVersion = 15.3;
					};
				};
			};
			buildConfigurationList = 52026CA12BDF3285009B8825 /* Build configuration list for PBXProject "Animalia" */;
			compatibilityVersion = "Xcode 14.0";
			developmentRegion = en;
			hasScannedForEncodings = 0;
			knownRegions = (
				en,
				Base,
			);
			mainGroup = 52026C9D2BDF3285009B8825;
			productRefGroup = 52026CA72BDF3285009B8825 /* Products */;
			projectDirPath = "";
			projectRoot = "";
			targets = (
				52026CA52BDF3285009B8825 /* Animalia */,
			);
		};
/* End PBXProject section */

/* Begin PBXResourcesBuildPhase section */
		52026CA42BDF3285009B8825 /* Resources */ = {
			isa = PBXResourcesBuildPhase;
			buildActionMask = 2147483647;
			files = (
				52026CBF2BDF3573009B8825 /* animals.json in Resources */,
				52026CC02BDF3573009B8825 /* covers.json in Resources */,
				52026CC12BDF3573009B8825 /* locations.json in Resources */,
				52026CB12BDF3286009B8825 /* Preview Assets.xcassets in Resources */,
				52026CAE2BDF3286009B8825 /* Assets.xcassets in Resources */,
				52026CC22BDF3573009B8825 /* videos.json in Resources */,
			);
			runOnlyForDeploymentPostprocessing = 0;
		};
/* End PBXResourcesBuildPhase section */

/* Begin PBXSourcesBuildPhase section */
		52026CA22BDF3285009B8825 /* Sources */ = {
			isa = PBXSourcesBuildPhase;
			buildActionMask = 2147483647;
			files = (
				52026CAC2BDF3285009B8825 /* ContentView.swift in Sources */,
				52026CCF2BDF43CE009B8825 /* AnimalModel.swift in Sources */,
				52026CC62BDF37E9009B8825 /* CoverImageView.swift in Sources */,
				52026CCC2BDF39CA009B8825 /* Bundle+Ext.swift in Sources */,
				52026CAA2BDF3285009B8825 /* AnimaliaApp.swift in Sources */,
				52026CC92BDF38F3009B8825 /* CoverImageModel.swift in Sources */,
				52026CD12BDF44A1009B8825 /* AnimalListItemView.swift in Sources */,
			);
			runOnlyForDeploymentPostprocessing = 0;
		};
/* End PBXSourcesBuildPhase section */

/* Begin XCBuildConfiguration section */
		52026CB22BDF3286009B8825 /* Debug */ = {
			isa = XCBuildConfiguration;
			buildSettings = {
				ALWAYS_SEARCH_USER_PATHS = NO;
				ASSETCATALOG_COMPILER_GENERATE_SWIFT_ASSET_SYMBOL_EXTENSIONS = YES;
				CLANG_ANALYZER_NONNULL = YES;
				CLANG_ANALYZER_NUMBER_OBJECT_CONVERSION = YES_AGGRESSIVE;
				CLANG_CXX_LANGUAGE_STANDARD = "gnu++20";
				CLANG_ENABLE_MODULES = YES;
				CLANG_ENABLE_OBJC_ARC = YES;
				CLANG_ENABLE_OBJC_WEAK = YES;
				CLANG_WARN_BLOCK_CAPTURE_AUTORELEASING = YES;
				CLANG_WARN_BOOL_CONVERSION = YES;
				CLANG_WARN_COMMA = YES;
				CLANG_WARN_CONSTANT_CONVERSION = YES;
				CLANG_WARN_DEPRECATED_OBJC_IMPLEMENTATIONS = YES;
				CLANG_WARN_DIRECT_OBJC_ISA_USAGE = YES_ERROR;
				CLANG_WARN_DOCUMENTATION_COMMENTS = YES;
				CLANG_WARN_EMPTY_BODY = YES;
				CLANG_WARN_ENUM_CONVERSION = YES;
				CLANG_WARN_INFINITE_RECURSION = YES;
				CLANG_WARN_INT_CONVERSION = YES;
				CLANG_WARN_NON_LITERAL_NULL_CONVERSION = YES;
				CLANG_WARN_OBJC_IMPLICIT_RETAIN_SELF = YES;
				CLANG_WARN_OBJC_LITERAL_CONVERSION = YES;
				CLANG_WARN_OBJC_ROOT_CLASS = YES_ERROR;
				CLANG_WARN_QUOTED_INCLUDE_IN_FRAMEWORK_HEADER = YES;
				CLANG_WARN_RANGE_LOOP_ANALYSIS = YES;
				CLANG_WARN_STRICT_PROTOTYPES = YES;
				CLANG_WARN_SUSPICIOUS_MOVE = YES;
				CLANG_WARN_UNGUARDED_AVAILABILITY = YES_AGGRESSIVE;
				CLANG_WARN_UNREACHABLE_CODE = YES;
				CLANG_WARN__DUPLICATE_METHOD_MATCH = YES;
				COPY_PHASE_STRIP = NO;
				DEBUG_INFORMATION_FORMAT = dwarf;
				ENABLE_STRICT_OBJC_MSGSEND = YES;
				ENABLE_TESTABILITY = YES;
				ENABLE_USER_SCRIPT_SANDBOXING = YES;
				GCC_C_LANGUAGE_STANDARD = gnu17;
				GCC_DYNAMIC_NO_PIC = NO;
				GCC_NO_COMMON_BLOCKS = YES;
				GCC_OPTIMIZATION_LEVEL = 0;
				GCC_PREPROCESSOR_DEFINITIONS = (
					"DEBUG=1",
					"$(inherited)",
				);
				GCC_WARN_64_TO_32_BIT_CONVERSION = YES;
				GCC_WARN_ABOUT_RETURN_TYPE = YES_ERROR;
				GCC_WARN_UNDECLARED_SELECTOR = YES;
				GCC_WARN_UNINITIALIZED_AUTOS = YES_AGGRESSIVE;
				GCC_WARN_UNUSED_FUNCTION = YES;
				GCC_WARN_UNUSED_VARIABLE = YES;
				IPHONEOS_DEPLOYMENT_TARGET = 17.4;
				LOCALIZATION_PREFERS_STRING_CATALOGS = YES;
				MTL_ENABLE_DEBUG_INFO = INCLUDE_SOURCE;
				MTL_FAST_MATH = YES;
				ONLY_ACTIVE_ARCH = YES;
				SDKROOT = iphoneos;
				SWIFT_ACTIVE_COMPILATION_CONDITIONS = "DEBUG $(inherited)";
				SWIFT_OPTIMIZATION_LEVEL = "-Onone";
			};
			name = Debug;
		};
		52026CB32BDF3286009B8825 /* Release */ = {
			isa = XCBuildConfiguration;
			buildSettings = {
				ALWAYS_SEARCH_USER_PATHS = NO;
				ASSETCATALOG_COMPILER_GENERATE_SWIFT_ASSET_SYMBOL_EXTENSIONS = YES;
				CLANG_ANALYZER_NONNULL = YES;
				CLANG_ANALYZER_NUMBER_OBJECT_CONVERSION = YES_AGGRESSIVE;
				CLANG_CXX_LANGUAGE_STANDARD = "gnu++20";
				CLANG_ENABLE_MODULES = YES;
				CLANG_ENABLE_OBJC_ARC = YES;
				CLANG_ENABLE_OBJC_WEAK = YES;
				CLANG_WARN_BLOCK_CAPTURE_AUTORELEASING = YES;
				CLANG_WARN_BOOL_CONVERSION = YES;
				CLANG_WARN_COMMA = YES;
				CLANG_WARN_CONSTANT_CONVERSION = YES;
				CLANG_WARN_DEPRECATED_OBJC_IMPLEMENTATIONS = YES;
				CLANG_WARN_DIRECT_OBJC_ISA_USAGE = YES_ERROR;
				CLANG_WARN_DOCUMENTATION_COMMENTS = YES;
				CLANG_WARN_EMPTY_BODY = YES;
				CLANG_WARN_ENUM_CONVERSION = YES;
				CLANG_WARN_INFINITE_RECURSION = YES;
				CLANG_WARN_INT_CONVERSION = YES;
				CLANG_WARN_NON_LITERAL_NULL_CONVERSION = YES;
				CLANG_WARN_OBJC_IMPLICIT_RETAIN_SELF = YES;
				CLANG_WARN_OBJC_LITERAL_CONVERSION = YES;
				CLANG_WARN_OBJC_ROOT_CLASS = YES_ERROR;
				CLANG_WARN_QUOTED_INCLUDE_IN_FRAMEWORK_HEADER = YES;
				CLANG_WARN_RANGE_LOOP_ANALYSIS = YES;
				CLANG_WARN_STRICT_PROTOTYPES = YES;
				CLANG_WARN_SUSPICIOUS_MOVE = YES;
				CLANG_WARN_UNGUARDED_AVAILABILITY = YES_AGGRESSIVE;
				CLANG_WARN_UNREACHABLE_CODE = YES;
				CLANG_WARN__DUPLICATE_METHOD_MATCH = YES;
				COPY_PHASE_STRIP = NO;
				DEBUG_INFORMATION_FORMAT = "dwarf-with-dsym";
				ENABLE_NS_ASSERTIONS = NO;
				ENABLE_STRICT_OBJC_MSGSEND = YES;
				ENABLE_USER_SCRIPT_SANDBOXING = YES;
				GCC_C_LANGUAGE_STANDARD = gnu17;
				GCC_NO_COMMON_BLOCKS = YES;
				GCC_WARN_64_TO_32_BIT_CONVERSION = YES;
				GCC_WARN_ABOUT_RETURN_TYPE = YES_ERROR;
				GCC_WARN_UNDECLARED_SELECTOR = YES;
				GCC_WARN_UNINITIALIZED_AUTOS = YES_AGGRESSIVE;
				GCC_WARN_UNUSED_FUNCTION = YES;
				GCC_WARN_UNUSED_VARIABLE = YES;
				IPHONEOS_DEPLOYMENT_TARGET = 17.4;
				LOCALIZATION_PREFERS_STRING_CATALOGS = YES;
				MTL_ENABLE_DEBUG_INFO = NO;
				MTL_FAST_MATH = YES;
				SDKROOT = iphoneos;
				SWIFT_COMPILATION_MODE = wholemodule;
				VALIDATE_PRODUCT = YES;
			};
			name = Release;
		};
		52026CB52BDF3286009B8825 /* Debug */ = {
			isa = XCBuildConfiguration;
			buildSettings = {
				ASSETCATALOG_COMPILER_APPICON_NAME = AppIcon;
				ASSETCATALOG_COMPILER_GLOBAL_ACCENT_COLOR_NAME = AccentColor;
				CODE_SIGN_STYLE = Automatic;
				CURRENT_PROJECT_VERSION = 1;
				DEVELOPMENT_ASSET_PATHS = "\"Animalia/Preview Content\"";
				ENABLE_PREVIEWS = YES;
				GENERATE_INFOPLIST_FILE = YES;
				INFOPLIST_FILE = Animalia/Info.plist;
				INFOPLIST_KEY_UIApplicationSceneManifest_Generation = YES;
				INFOPLIST_KEY_UIApplicationSupportsIndirectInputEvents = YES;
				INFOPLIST_KEY_UISupportedInterfaceOrientations_iPad = "UIInterfaceOrientationPortrait UIInterfaceOrientationPortraitUpsideDown UIInterfaceOrientationLandscapeLeft UIInterfaceOrientationLandscapeRight";
				INFOPLIST_KEY_UISupportedInterfaceOrientations_iPhone = "UIInterfaceOrientationPortrait UIInterfaceOrientationLandscapeLeft UIInterfaceOrientationLandscapeRight";
				INFOPLIST_KEY_UIUserInterfaceStyle = Dark;
				IPHONEOS_DEPLOYMENT_TARGET = 17.0;
				LD_RUNPATH_SEARCH_PATHS = (
					"$(inherited)",
					"@executable_path/Frameworks",
				);
				MARKETING_VERSION = 1.0;
				PRODUCT_BUNDLE_IDENTIFIER = com.dira.Animalia;
				PRODUCT_NAME = "$(TARGET_NAME)";
				SWIFT_EMIT_LOC_STRINGS = YES;
				SWIFT_VERSION = 5.0;
				TARGETED_DEVICE_FAMILY = "1,2";
			};
			name = Debug;
		};
		52026CB62BDF3286009B8825 /* Release */ = {
			isa = XCBuildConfiguration;
			buildSettings = {
				ASSETCATALOG_COMPILER_APPICON_NAME = AppIcon;
				ASSETCATALOG_COMPILER_GLOBAL_ACCENT_COLOR_NAME = AccentColor;
				CODE_SIGN_STYLE = Automatic;
				CURRENT_PROJECT_VERSION = 1;
				DEVELOPMENT_ASSET_PATHS = "\"Animalia/Preview Content\"";
				ENABLE_PREVIEWS = YES;
				GENERATE_INFOPLIST_FILE = YES;
				INFOPLIST_FILE = Animalia/Info.plist;
				INFOPLIST_KEY_UIApplicationSceneManifest_Generation = YES;
				INFOPLIST_KEY_UIApplicationSupportsIndirectInputEvents = YES;
				INFOPLIST_KEY_UISupportedInterfaceOrientations_iPad = "UIInterfaceOrientationPortrait UIInterfaceOrientationPortraitUpsideDown UIInterfaceOrientationLandscapeLeft UIInterfaceOrientationLandscapeRight";
				INFOPLIST_KEY_UISupportedInterfaceOrientations_iPhone = "UIInterfaceOrientationPortrait UIInterfaceOrientationLandscapeLeft UIInterfaceOrientationLandscapeRight";
				INFOPLIST_KEY_UIUserInterfaceStyle = Dark;
				IPHONEOS_DEPLOYMENT_TARGET = 17.0;
				LD_RUNPATH_SEARCH_PATHS = (
					"$(inherited)",
					"@executable_path/Frameworks",
				);
				MARKETING_VERSION = 1.0;
				PRODUCT_BUNDLE_IDENTIFIER = com.dira.Animalia;
				PRODUCT_NAME = "$(TARGET_NAME)";
				SWIFT_EMIT_LOC_STRINGS = YES;
				SWIFT_VERSION = 5.0;
				TARGETED_DEVICE_FAMILY = "1,2";
			};
			name = Release;
		};
/* End XCBuildConfiguration section */

/* Begin XCConfigurationList section */
		52026CA12BDF3285009B8825 /* Build configuration list for PBXProject "Animalia" */ = {
			isa = XCConfigurationList;
			buildConfigurations = (
				52026CB22BDF3286009B8825 /* Debug */,
				52026CB32BDF3286009B8825 /* Release */,
			);
			defaultConfigurationIsVisible = 0;
			defaultConfigurationName = Release;
		};
		52026CB42BDF3286009B8825 /* Build configuration list for PBXNativeTarget "Animalia" */ = {
			isa = XCConfigurationList;
			buildConfigurations = (
				52026CB52BDF3286009B8825 /* Debug */,
				52026CB62BDF3286009B8825 /* Release */,
			);
			defaultConfigurationIsVisible = 0;
			defaultConfigurationName = Release;
		};
/* End XCConfigurationList section */
	};
	rootObject = 52026C9E2BDF3285009B8825 /* Project object */;
}
