// !$*UTF8*$!
{
	archiveVersion = 1;
	classes = {
	};
	objectVersion = 56;
	objects = {

/* Begin PBXBuildFile section */
		52026CAA2BDF3285009B8825 /* AnimaliaApp.swift in Sources */ = {isa = PBXBuildFile; fileRef = 52026CA92BDF3285009B8825 /* AnimaliaApp.swift */; };
		52026CAC2BDF3285009B8825 /* BrowseView.swift in Sources */ = {isa = PBXBuildFile; fileRef = 52026CAB2BDF3285009B8825 /* BrowseView.swift */; };
		52026CAE2BDF3286009B8825 /* Assets.xcassets in Resources */ = {isa = PBXBuildFile; fileRef = 52026CAD2BDF3286009B8825 /* Assets.xcassets */; };
		52026CB12BDF3286009B8825 /* Preview Assets.xcassets in Resources */ = {isa = PBXBuildFile; fileRef = 52026CB02BDF3286009B8825 /* Preview Assets.xcassets */; };
		52026CBF2BDF3573009B8825 /* animals.json in Resources */ = {isa = PBXBuildFile; fileRef = 52026CBA2BDF3573009B8825 /* animals.json */; };
		52026CC02BDF3573009B8825 /* covers.json in Resources */ = {isa = PBXBuildFile; fileRef = 52026CBB2BDF3573009B8825 /* covers.json */; };
		52026CC12BDF3573009B8825 /* locations.json in Resources */ = {isa = PBXBuildFile; fileRef = 52026CBC2BDF3573009B8825 /* locations.json */; };
		52026CC22BDF3573009B8825 /* videos.json in Resources */ = {isa = PBXBuildFile; fileRef = 52026CBD2BDF3573009B8825 /* videos.json */; };
		52026CC62BDF37E9009B8825 /* CoverImageView.swift in Sources */ = {isa = PBXBuildFile; fileRef = 52026CC52BDF37E9009B8825 /* CoverImageView.swift */; };
		52026CC92BDF38F3009B8825 /* CoverImageModel.swift in Sources */ = {isa = PBXBuildFile; fileRef = 52026CC82BDF38F3009B8825 /* CoverImageModel.swift */; };
		52026CCC2BDF39CA009B8825 /* Bundle+Ext.swift in Sources */ = {isa = PBXBuildFile; fileRef = 52026CCB2BDF39CA009B8825 /* Bundle+Ext.swift */; };
		52026CCF2BDF43CE009B8825 /* AnimalModel.swift in Sources */ = {isa = PBXBuildFile; fileRef = 52026CCE2BDF43CE009B8825 /* AnimalModel.swift */; };
		52026CD12BDF44A1009B8825 /* AnimalListItemView.swift in Sources */ = {isa = PBXBuildFile; fileRef = 52026CD02BDF44A1009B8825 /* AnimalListItemView.swift */; };
		52026CD32BDF505B009B8825 /* OctagonImageFrame.swift in Sources */ = {isa = PBXBuildFile; fileRef = 52026CD22BDF505B009B8825 /* OctagonImageFrame.swift */; };
		52026CD52BDF5D24009B8825 /* AnimalGridItemView.swift in Sources */ = {isa = PBXBuildFile; fileRef = 52026CD42BDF5D24009B8825 /* AnimalGridItemView.swift */; };
		52026CD72BDF60C8009B8825 /* MainView.swift in Sources */ = {isa = PBXBuildFile; fileRef = 52026CD62BDF60C8009B8825 /* MainView.swift */; };
		52026CD92BDF7756009B8825 /* AnimalDetailView.swift in Sources */ = {isa = PBXBuildFile; fileRef = 52026CD82BDF7756009B8825 /* AnimalDetailView.swift */; };
		52026CDB2BDF7CB0009B8825 /* HeadingView.swift in Sources */ = {isa = PBXBuildFile; fileRef = 52026CDA2BDF7CB0009B8825 /* HeadingView.swift */; };
		52026CDD2BDF7F64009B8825 /* InsetGalleryView.swift in Sources */ = {isa = PBXBuildFile; fileRef = 52026CDC2BDF7F64009B8825 /* InsetGalleryView.swift */; };
		52026CDF2BDF829A009B8825 /* InsetFactView.swift in Sources */ = {isa = PBXBuildFile; fileRef = 52026CDE2BDF829A009B8825 /* InsetFactView.swift */; };
		52026CE12BDF8B50009B8825 /* InsetMapView.swift in Sources */ = {isa = PBXBuildFile; fileRef = 52026CE02BDF8B50009B8825 /* InsetMapView.swift */; };
		52026CE32BDF8E23009B8825 /* CLLocation+Ext.swift in Sources */ = {isa = PBXBuildFile; fileRef = 52026CE22BDF8E23009B8825 /* CLLocation+Ext.swift */; };
		52026CE52BDF946F009B8825 /* ExternalWebLinkView.swift in Sources */ = {isa = PBXBuildFile; fileRef = 52026CE42BDF946F009B8825 /* ExternalWebLinkView.swift */; };
		52CDEE2E2BE08F7B00372FEB /* VideoModel.swift in Sources */ = {isa = PBXBuildFile; fileRef = 52CDEE2D2BE08F7B00372FEB /* VideoModel.swift */; };
		52CDEE312BE0907000372FEB /* VideoPlayerHelper.swift in Sources */ = {isa = PBXBuildFile; fileRef = 52CDEE302BE0907000372FEB /* VideoPlayerHelper.swift */; };
		52CDEE362BE0928E00372FEB /* VideoPlayerView.swift in Sources */ = {isa = PBXBuildFile; fileRef = 52CDEE352BE0928E00372FEB /* VideoPlayerView.swift */; };
		52CDEE422BE0934D00372FEB /* cheetah.mp4 in Resources */ = {isa = PBXBuildFile; fileRef = 52CDEE372BE0934D00372FEB /* cheetah.mp4 */; };
		52CDEE432BE0934D00372FEB /* elephant.mp4 in Resources */ = {isa = PBXBuildFile; fileRef = 52CDEE382BE0934D00372FEB /* elephant.mp4 */; };
		52CDEE442BE0934D00372FEB /* giraffe.mp4 in Resources */ = {isa = PBXBuildFile; fileRef = 52CDEE392BE0934D00372FEB /* giraffe.mp4 */; };
		52CDEE452BE0934D00372FEB /* gorilla.mp4 in Resources */ = {isa = PBXBuildFile; fileRef = 52CDEE3A2BE0934D00372FEB /* gorilla.mp4 */; };
		52CDEE462BE0934D00372FEB /* hippo.mp4 in Resources */ = {isa = PBXBuildFile; fileRef = 52CDEE3B2BE0934D00372FEB /* hippo.mp4 */; };
		52CDEE472BE0934D00372FEB /* lion.mp4 in Resources */ = {isa = PBXBuildFile; fileRef = 52CDEE3C2BE0934D00372FEB /* lion.mp4 */; };
		52CDEE482BE0934D00372FEB /* lioness.mp4 in Resources */ = {isa = PBXBuildFile; fileRef = 52CDEE3D2BE0934D00372FEB /* lioness.mp4 */; };
		52CDEE492BE0934D00372FEB /* ostrich.mp4 in Resources */ = {isa = PBXBuildFile; fileRef = 52CDEE3E2BE0934D00372FEB /* ostrich.mp4 */; };
		52CDEE4A2BE0934D00372FEB /* rhino.mp4 in Resources */ = {isa = PBXBuildFile; fileRef = 52CDEE3F2BE0934D00372FEB /* rhino.mp4 */; };
		52CDEE4B2BE0934D00372FEB /* zebra.mp4 in Resources */ = {isa = PBXBuildFile; fileRef = 52CDEE402BE0934D00372FEB /* zebra.mp4 */; };
		52CDEE4D2BE095BD00372FEB /* VideoListItemView.swift in Sources */ = {isa = PBXBuildFile; fileRef = 52CDEE4C2BE095BD00372FEB /* VideoListItemView.swift */; };
		52CDEE4F2BE098E700372FEB /* WatchView.swift in Sources */ = {isa = PBXBuildFile; fileRef = 52CDEE4E2BE098E700372FEB /* WatchView.swift */; };
		52CDEE512BE09DD300372FEB /* GalleryView.swift in Sources */ = {isa = PBXBuildFile; fileRef = 52CDEE502BE09DD300372FEB /* GalleryView.swift */; };
		52CDEE542BE09E2200372FEB /* MotionAnimationView.swift in Sources */ = {isa = PBXBuildFile; fileRef = 52CDEE532BE09E2200372FEB /* MotionAnimationView.swift */; };
/* End PBXBuildFile section */

/* Begin PBXFileReference section */
		52026CA62BDF3285009B8825 /* Animalia.app */ = {isa = PBXFileReference; explicitFileType = wrapper.application; includeInIndex = 0; path = Animalia.app; sourceTree = BUILT_PRODUCTS_DIR; };
		52026CA92BDF3285009B8825 /* AnimaliaApp.swift */ = {isa = PBXFileReference; lastKnownFileType = sourcecode.swift; path = AnimaliaApp.swift; sourceTree = "<group>"; };
		52026CAB2BDF3285009B8825 /* BrowseView.swift */ = {isa = PBXFileReference; lastKnownFileType = sourcecode.swift; path = BrowseView.swift; sourceTree = "<group>"; };
		52026CAD2BDF3286009B8825 /* Assets.xcassets */ = {isa = PBXFileReference; lastKnownFileType = folder.assetcatalog; path = Assets.xcassets; sourceTree = "<group>"; };
		52026CB02BDF3286009B8825 /* Preview Assets.xcassets */ = {isa = PBXFileReference; lastKnownFileType = folder.assetcatalog; path = "Preview Assets.xcassets"; sourceTree = "<group>"; };
		52026CBA2BDF3573009B8825 /* animals.json */ = {isa = PBXFileReference; fileEncoding = 4; lastKnownFileType = text.json; path = animals.json; sourceTree = "<group>"; };
		52026CBB2BDF3573009B8825 /* covers.json */ = {isa = PBXFileReference; fileEncoding = 4; lastKnownFileType = text.json; path = covers.json; sourceTree = "<group>"; };
		52026CBC2BDF3573009B8825 /* locations.json */ = {isa = PBXFileReference; fileEncoding = 4; lastKnownFileType = text.json; path = locations.json; sourceTree = "<group>"; };
		52026CBD2BDF3573009B8825 /* videos.json */ = {isa = PBXFileReference; fileEncoding = 4; lastKnownFileType = text.json; path = videos.json; sourceTree = "<group>"; };
		52026CC52BDF37E9009B8825 /* CoverImageView.swift */ = {isa = PBXFileReference; lastKnownFileType = sourcecode.swift; path = CoverImageView.swift; sourceTree = "<group>"; };
		52026CC82BDF38F3009B8825 /* CoverImageModel.swift */ = {isa = PBXFileReference; lastKnownFileType = sourcecode.swift; path = CoverImageModel.swift; sourceTree = "<group>"; };
		52026CCB2BDF39CA009B8825 /* Bundle+Ext.swift */ = {isa = PBXFileReference; lastKnownFileType = sourcecode.swift; path = "Bundle+Ext.swift"; sourceTree = "<group>"; };
		52026CCD2BDF3FED009B8825 /* Info.plist */ = {isa = PBXFileReference; lastKnownFileType = text.plist; path = Info.plist; sourceTree = "<group>"; };
		52026CCE2BDF43CE009B8825 /* AnimalModel.swift */ = {isa = PBXFileReference; lastKnownFileType = sourcecode.swift; path = AnimalModel.swift; sourceTree = "<group>"; };
		52026CD02BDF44A1009B8825 /* AnimalListItemView.swift */ = {isa = PBXFileReference; lastKnownFileType = sourcecode.swift; path = AnimalListItemView.swift; sourceTree = "<group>"; };
		52026CD22BDF505B009B8825 /* OctagonImageFrame.swift */ = {isa = PBXFileReference; lastKnownFileType = sourcecode.swift; path = OctagonImageFrame.swift; sourceTree = "<group>"; };
		52026CD42BDF5D24009B8825 /* AnimalGridItemView.swift */ = {isa = PBXFileReference; lastKnownFileType = sourcecode.swift; path = AnimalGridItemView.swift; sourceTree = "<group>"; };
		52026CD62BDF60C8009B8825 /* MainView.swift */ = {isa = PBXFileReference; lastKnownFileType = sourcecode.swift; path = MainView.swift; sourceTree = "<group>"; };
		52026CD82BDF7756009B8825 /* AnimalDetailView.swift */ = {isa = PBXFileReference; lastKnownFileType = sourcecode.swift; path = AnimalDetailView.swift; sourceTree = "<group>"; };
		52026CDA2BDF7CB0009B8825 /* HeadingView.swift */ = {isa = PBXFileReference; lastKnownFileType = sourcecode.swift; path = HeadingView.swift; sourceTree = "<group>"; };
		52026CDC2BDF7F64009B8825 /* InsetGalleryView.swift */ = {isa = PBXFileReference; lastKnownFileType = sourcecode.swift; path = InsetGalleryView.swift; sourceTree = "<group>"; };
		52026CDE2BDF829A009B8825 /* InsetFactView.swift */ = {isa = PBXFileReference; lastKnownFileType = sourcecode.swift; path = InsetFactView.swift; sourceTree = "<group>"; };
		52026CE02BDF8B50009B8825 /* InsetMapView.swift */ = {isa = PBXFileReference; lastKnownFileType = sourcecode.swift; path = InsetMapView.swift; sourceTree = "<group>"; };
		52026CE22BDF8E23009B8825 /* CLLocation+Ext.swift */ = {isa = PBXFileReference; lastKnownFileType = sourcecode.swift; path = "CLLocation+Ext.swift"; sourceTree = "<group>"; };
		52026CE42BDF946F009B8825 /* ExternalWebLinkView.swift */ = {isa = PBXFileReference; lastKnownFileType = sourcecode.swift; path = ExternalWebLinkView.swift; sourceTree = "<group>"; };
		52CDEE2D2BE08F7B00372FEB /* VideoModel.swift */ = {isa = PBXFileReference; lastKnownFileType = sourcecode.swift; path = VideoModel.swift; sourceTree = "<group>"; };
		52CDEE302BE0907000372FEB /* VideoPlayerHelper.swift */ = {isa = PBXFileReference; lastKnownFileType = sourcecode.swift; path = VideoPlayerHelper.swift; sourceTree = "<group>"; };
		52CDEE352BE0928E00372FEB /* VideoPlayerView.swift */ = {isa = PBXFileReference; lastKnownFileType = sourcecode.swift; path = VideoPlayerView.swift; sourceTree = "<group>"; };
		52CDEE372BE0934D00372FEB /* cheetah.mp4 */ = {isa = PBXFileReference; lastKnownFileType = file; path = cheetah.mp4; sourceTree = "<group>"; };
		52CDEE382BE0934D00372FEB /* elephant.mp4 */ = {isa = PBXFileReference; lastKnownFileType = file; path = elephant.mp4; sourceTree = "<group>"; };
		52CDEE392BE0934D00372FEB /* giraffe.mp4 */ = {isa = PBXFileReference; lastKnownFileType = file; path = giraffe.mp4; sourceTree = "<group>"; };
		52CDEE3A2BE0934D00372FEB /* gorilla.mp4 */ = {isa = PBXFileReference; lastKnownFileType = file; path = gorilla.mp4; sourceTree = "<group>"; };
		52CDEE3B2BE0934D00372FEB /* hippo.mp4 */ = {isa = PBXFileReference; lastKnownFileType = file; path = hippo.mp4; sourceTree = "<group>"; };
		52CDEE3C2BE0934D00372FEB /* lion.mp4 */ = {isa = PBXFileReference; lastKnownFileType = file; path = lion.mp4; sourceTree = "<group>"; };
		52CDEE3D2BE0934D00372FEB /* lioness.mp4 */ = {isa = PBXFileReference; lastKnownFileType = file; path = lioness.mp4; sourceTree = "<group>"; };
		52CDEE3E2BE0934D00372FEB /* ostrich.mp4 */ = {isa = PBXFileReference; lastKnownFileType = file; path = ostrich.mp4; sourceTree = "<group>"; };
		52CDEE3F2BE0934D00372FEB /* rhino.mp4 */ = {isa = PBXFileReference; lastKnownFileType = file; path = rhino.mp4; sourceTree = "<group>"; };
		52CDEE402BE0934D00372FEB /* zebra.mp4 */ = {isa = PBXFileReference; lastKnownFileType = file; path = zebra.mp4; sourceTree = "<group>"; };
		52CDEE4C2BE095BD00372FEB /* VideoListItemView.swift */ = {isa = PBXFileReference; lastKnownFileType = sourcecode.swift; path = VideoListItemView.swift; sourceTree = "<group>"; };
		52CDEE4E2BE098E700372FEB /* WatchView.swift */ = {isa = PBXFileReference; lastKnownFileType = sourcecode.swift; path = WatchView.swift; sourceTree = "<group>"; };
		52CDEE502BE09DD300372FEB /* GalleryView.swift */ = {isa = PBXFileReference; lastKnownFileType = sourcecode.swift; path = GalleryView.swift; sourceTree = "<group>"; };
		52CDEE532BE09E2200372FEB /* MotionAnimationView.swift */ = {isa = PBXFileReference; lastKnownFileType = sourcecode.swift; path = MotionAnimationView.swift; sourceTree = "<group>"; };
/* End PBXFileReference section */

/* Begin PBXFrameworksBuildPhase section */
		52026CA32BDF3285009B8825 /* Frameworks */ = {
			isa = PBXFrameworksBuildPhase;
			buildActionMask = 2147483647;
			files = (
			);
			runOnlyForDeploymentPostprocessing = 0;
		};
/* End PBXFrameworksBuildPhase section */

/* Begin PBXGroup section */
		52026C9D2BDF3285009B8825 = {
			isa = PBXGroup;
			children = (
				52026CA82BDF3285009B8825 /* Animalia */,
				52026CA72BDF3285009B8825 /* Products */,
			);
			sourceTree = "<group>";
		};
		52026CA72BDF3285009B8825 /* Products */ = {
			isa = PBXGroup;
			children = (
				52026CA62BDF3285009B8825 /* Animalia.app */,
			);
			name = Products;
			sourceTree = "<group>";
		};
		52026CA82BDF3285009B8825 /* Animalia */ = {
			isa = PBXGroup;
			children = (
				52026CB72BDF3299009B8825 /* App */,
				52026CCA2BDF3986009B8825 /* Extensions */,
				52CDEE2F2BE0901C00372FEB /* Helper */,
				52026CCD2BDF3FED009B8825 /* Info.plist */,
				52026CB82BDF32A4009B8825 /* Main */,
				52026CC32BDF379D009B8825 /* Modules */,
				52026CAF2BDF3286009B8825 /* Preview Content */,
				52026CB92BDF32AC009B8825 /* Resources */,
			);
			path = Animalia;
			sourceTree = "<group>";
		};
		52026CAF2BDF3286009B8825 /* Preview Content */ = {
			isa = PBXGroup;
			children = (
				52026CB02BDF3286009B8825 /* Preview Assets.xcassets */,
			);
			path = "Preview Content";
			sourceTree = "<group>";
		};
		52026CB72BDF3299009B8825 /* App */ = {
			isa = PBXGroup;
			children = (
				52026CA92BDF3285009B8825 /* AnimaliaApp.swift */,
			);
			path = App;
			sourceTree = "<group>";
		};
		52026CB82BDF32A4009B8825 /* Main */ = {
			isa = PBXGroup;
			children = (
				52026CAB2BDF3285009B8825 /* BrowseView.swift */,
				52026CD62BDF60C8009B8825 /* MainView.swift */,
				52CDEE4E2BE098E700372FEB /* WatchView.swift */,
				52CDEE502BE09DD300372FEB /* GalleryView.swift */,
			);
			path = Main;
			sourceTree = "<group>";
		};
		52026CB92BDF32AC009B8825 /* Resources */ = {
			isa = PBXGroup;
			children = (
				52CDEE412BE0934D00372FEB /* Video */,
				52026CBE2BDF3573009B8825 /* Data */,
				52026CAD2BDF3286009B8825 /* Assets.xcassets */,
			);
			path = Resources;
			sourceTree = "<group>";
		};
		52026CBE2BDF3573009B8825 /* Data */ = {
			isa = PBXGroup;
			children = (
				52026CBA2BDF3573009B8825 /* animals.json */,
				52026CBB2BDF3573009B8825 /* covers.json */,
				52026CBC2BDF3573009B8825 /* locations.json */,
				52026CBD2BDF3573009B8825 /* videos.json */,
			);
			path = Data;
			sourceTree = "<group>";
		};
		52026CC32BDF379D009B8825 /* Modules */ = {
			isa = PBXGroup;
			children = (
				52CDEE2C2BE08E8500372FEB /* ViewModels */,
				52026CC72BDF3843009B8825 /* Models */,
				52026CC42BDF37B1009B8825 /* Screen */,
			);
			path = Modules;
			sourceTree = "<group>";
		};
		52026CC42BDF37B1009B8825 /* Screen */ = {
			isa = PBXGroup;
			children = (
				52CDEE522BE09E0D00372FEB /* Gallery */,
				52CDEE322BE0920700372FEB /* Watch */,
				52CDEE2B2BE08D9E00372FEB /* Browse */,
			);
			path = Screen;
			sourceTree = "<group>";
		};
		52026CC72BDF3843009B8825 /* Models */ = {
			isa = PBXGroup;
			children = (
				52026CC82BDF38F3009B8825 /* CoverImageModel.swift */,
				52026CCE2BDF43CE009B8825 /* AnimalModel.swift */,
				52CDEE2D2BE08F7B00372FEB /* VideoModel.swift */,
			);
			path = Models;
			sourceTree = "<group>";
		};
		52026CCA2BDF3986009B8825 /* Extensions */ = {
			isa = PBXGroup;
			children = (
				52026CCB2BDF39CA009B8825 /* Bundle+Ext.swift */,
				52026CE22BDF8E23009B8825 /* CLLocation+Ext.swift */,
			);
			path = Extensions;
			sourceTree = "<group>";
		};
		52CDEE2B2BE08D9E00372FEB /* Browse */ = {
			isa = PBXGroup;
			children = (
				52026CD02BDF44A1009B8825 /* AnimalListItemView.swift */,
				52026CD22BDF505B009B8825 /* OctagonImageFrame.swift */,
				52026CD42BDF5D24009B8825 /* AnimalGridItemView.swift */,
				52026CD82BDF7756009B8825 /* AnimalDetailView.swift */,
				52026CC52BDF37E9009B8825 /* CoverImageView.swift */,
				52026CDA2BDF7CB0009B8825 /* HeadingView.swift */,
				52026CDC2BDF7F64009B8825 /* InsetGalleryView.swift */,
				52026CDE2BDF829A009B8825 /* InsetFactView.swift */,
				52026CE02BDF8B50009B8825 /* InsetMapView.swift */,
				52026CE42BDF946F009B8825 /* ExternalWebLinkView.swift */,
			);
			path = Browse;
			sourceTree = "<group>";
		};
		52CDEE2C2BE08E8500372FEB /* ViewModels */ = {
			isa = PBXGroup;
			children = (
			);
			path = ViewModels;
			sourceTree = "<group>";
		};
		52CDEE2F2BE0901C00372FEB /* Helper */ = {
			isa = PBXGroup;
			children = (
				52CDEE302BE0907000372FEB /* VideoPlayerHelper.swift */,
			);
			path = Helper;
			sourceTree = "<group>";
		};
		52CDEE322BE0920700372FEB /* Watch */ = {
			isa = PBXGroup;
			children = (
				52CDEE352BE0928E00372FEB /* VideoPlayerView.swift */,
				52CDEE4C2BE095BD00372FEB /* VideoListItemView.swift */,
			);
			path = Watch;
			sourceTree = "<group>";
		};
		52CDEE412BE0934D00372FEB /* Video */ = {
			isa = PBXGroup;
			children = (
				52CDEE372BE0934D00372FEB /* cheetah.mp4 */,
				52CDEE382BE0934D00372FEB /* elephant.mp4 */,
				52CDEE392BE0934D00372FEB /* giraffe.mp4 */,
				52CDEE3A2BE0934D00372FEB /* gorilla.mp4 */,
				52CDEE3B2BE0934D00372FEB /* hippo.mp4 */,
				52CDEE3C2BE0934D00372FEB /* lion.mp4 */,
				52CDEE3D2BE0934D00372FEB /* lioness.mp4 */,
				52CDEE3E2BE0934D00372FEB /* ostrich.mp4 */,
				52CDEE3F2BE0934D00372FEB /* rhino.mp4 */,
				52CDEE402BE0934D00372FEB /* zebra.mp4 */,
			);
			path = Video;
			sourceTree = "<group>";
		};
		52CDEE522BE09E0D00372FEB /* Gallery */ = {
			isa = PBXGroup;
			children = (
				52CDEE532BE09E2200372FEB /* MotionAnimationView.swift */,
			);
			path = Gallery;
			sourceTree = "<group>";
		};
/* End PBXGroup section */

/* Begin PBXNativeTarget section */
		52026CA52BDF3285009B8825 /* Animalia */ = {
			isa = PBXNativeTarget;
			buildConfigurationList = 52026CB42BDF3286009B8825 /* Build configuration list for PBXNativeTarget "Animalia" */;
			buildPhases = (
				52026CA22BDF3285009B8825 /* Sources */,
				52026CA32BDF3285009B8825 /* Frameworks */,
				52026CA42BDF3285009B8825 /* Resources */,
			);
			buildRules = (
			);
			dependencies = (
			);
			name = Animalia;
			productName = Animalia;
			productReference = 52026CA62BDF3285009B8825 /* Animalia.app */;
			productType = "com.apple.product-type.application";
		};
/* End PBXNativeTarget section */

/* Begin PBXProject section */
		52026C9E2BDF3285009B8825 /* Project object */ = {
			isa = PBXProject;
			attributes = {
				BuildIndependentTargetsInParallel = 1;
				LastSwiftUpdateCheck = 1530;
				LastUpgradeCheck = 1530;
				TargetAttributes = {
					52026CA52BDF3285009B8825 = {
						CreatedOnToolsVersion = 15.3;
					};
				};
			};
			buildConfigurationList = 52026CA12BDF3285009B8825 /* Build configuration list for PBXProject "Animalia" */;
			compatibilityVersion = "Xcode 14.0";
			developmentRegion = en;
			hasScannedForEncodings = 0;
			knownRegions = (
				en,
				Base,
			);
			mainGroup = 52026C9D2BDF3285009B8825;
			productRefGroup = 52026CA72BDF3285009B8825 /* Products */;
			projectDirPath = "";
			projectRoot = "";
			targets = (
				52026CA52BDF3285009B8825 /* Animalia */,
			);
		};
/* End PBXProject section */

/* Begin PBXResourcesBuildPhase section */
		52026CA42BDF3285009B8825 /* Resources */ = {
			isa = PBXResourcesBuildPhase;
			buildActionMask = 2147483647;
			files = (
				52026CBF2BDF3573009B8825 /* animals.json in Resources */,
				52CDEE472BE0934D00372FEB /* lion.mp4 in Resources */,
				52CDEE462BE0934D00372FEB /* hippo.mp4 in Resources */,
				52CDEE4A2BE0934D00372FEB /* rhino.mp4 in Resources */,
				52026CC02BDF3573009B8825 /* covers.json in Resources */,
				52CDEE482BE0934D00372FEB /* lioness.mp4 in Resources */,
				52CDEE452BE0934D00372FEB /* gorilla.mp4 in Resources */,
				52026CC12BDF3573009B8825 /* locations.json in Resources */,
				52026CB12BDF3286009B8825 /* Preview Assets.xcassets in Resources */,
				52CDEE492BE0934D00372FEB /* ostrich.mp4 in Resources */,
				52CDEE432BE0934D00372FEB /* elephant.mp4 in Resources */,
				52026CAE2BDF3286009B8825 /* Assets.xcassets in Resources */,
				52CDEE4B2BE0934D00372FEB /* zebra.mp4 in Resources */,
				52026CC22BDF3573009B8825 /* videos.json in Resources */,
				52CDEE422BE0934D00372FEB /* cheetah.mp4 in Resources */,
				52CDEE442BE0934D00372FEB /* giraffe.mp4 in Resources */,
			);
			runOnlyForDeploymentPostprocessing = 0;
		};
/* End PBXResourcesBuildPhase section */

/* Begin PBXSourcesBuildPhase section */
		52026CA22BDF3285009B8825 /* Sources */ = {
			isa = PBXSourcesBuildPhase;
			buildActionMask = 2147483647;
			files = (
				52026CDF2BDF829A009B8825 /* InsetFactView.swift in Sources */,
				52026CD92BDF7756009B8825 /* AnimalDetailView.swift in Sources */,
				52026CAC2BDF3285009B8825 /* BrowseView.swift in Sources */,
				52026CE32BDF8E23009B8825 /* CLLocation+Ext.swift in Sources */,
				52026CCF2BDF43CE009B8825 /* AnimalModel.swift in Sources */,
				52CDEE312BE0907000372FEB /* VideoPlayerHelper.swift in Sources */,
				52026CC62BDF37E9009B8825 /* CoverImageView.swift in Sources */,
				52026CD72BDF60C8009B8825 /* MainView.swift in Sources */,
				52026CD32BDF505B009B8825 /* OctagonImageFrame.swift in Sources */,
				52026CCC2BDF39CA009B8825 /* Bundle+Ext.swift in Sources */,
				52026CDB2BDF7CB0009B8825 /* HeadingView.swift in Sources */,
				52026CAA2BDF3285009B8825 /* AnimaliaApp.swift in Sources */,
				52CDEE4D2BE095BD00372FEB /* VideoListItemView.swift in Sources */,
				52026CE52BDF946F009B8825 /* ExternalWebLinkView.swift in Sources */,
				52CDEE4F2BE098E700372FEB /* WatchView.swift in Sources */,
				52026CC92BDF38F3009B8825 /* CoverImageModel.swift in Sources */,
				52CDEE512BE09DD300372FEB /* GalleryView.swift in Sources */,
				52CDEE2E2BE08F7B00372FEB /* VideoModel.swift in Sources */,
				52026CE12BDF8B50009B8825 /* InsetMapView.swift in Sources */,
				52026CD12BDF44A1009B8825 /* AnimalListItemView.swift in Sources */,
				52026CD52BDF5D24009B8825 /* AnimalGridItemView.swift in Sources */,
				52CDEE542BE09E2200372FEB /* MotionAnimationView.swift in Sources */,
				52026CDD2BDF7F64009B8825 /* InsetGalleryView.swift in Sources */,
				52CDEE362BE0928E00372FEB /* VideoPlayerView.swift in Sources */,
			);
			runOnlyForDeploymentPostprocessing = 0;
		};
/* End PBXSourcesBuildPhase section */

/* Begin XCBuildConfiguration section */
		52026CB22BDF3286009B8825 /* Debug */ = {
			isa = XCBuildConfiguration;
			buildSettings = {
				ALWAYS_SEARCH_USER_PATHS = NO;
				ASSETCATALOG_COMPILER_GENERATE_SWIFT_ASSET_SYMBOL_EXTENSIONS = YES;
				CLANG_ANALYZER_NONNULL = YES;
				CLANG_ANALYZER_NUMBER_OBJECT_CONVERSION = YES_AGGRESSIVE;
				CLANG_CXX_LANGUAGE_STANDARD = "gnu++20";
				CLANG_ENABLE_MODULES = YES;
				CLANG_ENABLE_OBJC_ARC = YES;
				CLANG_ENABLE_OBJC_WEAK = YES;
				CLANG_WARN_BLOCK_CAPTURE_AUTORELEASING = YES;
				CLANG_WARN_BOOL_CONVERSION = YES;
				CLANG_WARN_COMMA = YES;
				CLANG_WARN_CONSTANT_CONVERSION = YES;
				CLANG_WARN_DEPRECATED_OBJC_IMPLEMENTATIONS = YES;
				CLANG_WARN_DIRECT_OBJC_ISA_USAGE = YES_ERROR;
				CLANG_WARN_DOCUMENTATION_COMMENTS = YES;
				CLANG_WARN_EMPTY_BODY = YES;
				CLANG_WARN_ENUM_CONVERSION = YES;
				CLANG_WARN_INFINITE_RECURSION = YES;
				CLANG_WARN_INT_CONVERSION = YES;
				CLANG_WARN_NON_LITERAL_NULL_CONVERSION = YES;
				CLANG_WARN_OBJC_IMPLICIT_RETAIN_SELF = YES;
				CLANG_WARN_OBJC_LITERAL_CONVERSION = YES;
				CLANG_WARN_OBJC_ROOT_CLASS = YES_ERROR;
				CLANG_WARN_QUOTED_INCLUDE_IN_FRAMEWORK_HEADER = YES;
				CLANG_WARN_RANGE_LOOP_ANALYSIS = YES;
				CLANG_WARN_STRICT_PROTOTYPES = YES;
				CLANG_WARN_SUSPICIOUS_MOVE = YES;
				CLANG_WARN_UNGUARDED_AVAILABILITY = YES_AGGRESSIVE;
				CLANG_WARN_UNREACHABLE_CODE = YES;
				CLANG_WARN__DUPLICATE_METHOD_MATCH = YES;
				COPY_PHASE_STRIP = NO;
				DEBUG_INFORMATION_FORMAT = dwarf;
				ENABLE_STRICT_OBJC_MSGSEND = YES;
				ENABLE_TESTABILITY = YES;
				ENABLE_USER_SCRIPT_SANDBOXING = YES;
				GCC_C_LANGUAGE_STANDARD = gnu17;
				GCC_DYNAMIC_NO_PIC = NO;
				GCC_NO_COMMON_BLOCKS = YES;
				GCC_OPTIMIZATION_LEVEL = 0;
				GCC_PREPROCESSOR_DEFINITIONS = (
					"DEBUG=1",
					"$(inherited)",
				);
				GCC_WARN_64_TO_32_BIT_CONVERSION = YES;
				GCC_WARN_ABOUT_RETURN_TYPE = YES_ERROR;
				GCC_WARN_UNDECLARED_SELECTOR = YES;
				GCC_WARN_UNINITIALIZED_AUTOS = YES_AGGRESSIVE;
				GCC_WARN_UNUSED_FUNCTION = YES;
				GCC_WARN_UNUSED_VARIABLE = YES;
				IPHONEOS_DEPLOYMENT_TARGET = 17.4;
				LOCALIZATION_PREFERS_STRING_CATALOGS = YES;
				MTL_ENABLE_DEBUG_INFO = INCLUDE_SOURCE;
				MTL_FAST_MATH = YES;
				ONLY_ACTIVE_ARCH = YES;
				SDKROOT = iphoneos;
				SWIFT_ACTIVE_COMPILATION_CONDITIONS = "DEBUG $(inherited)";
				SWIFT_OPTIMIZATION_LEVEL = "-Onone";
			};
			name = Debug;
		};
		52026CB32BDF3286009B8825 /* Release */ = {
			isa = XCBuildConfiguration;
			buildSettings = {
				ALWAYS_SEARCH_USER_PATHS = NO;
				ASSETCATALOG_COMPILER_GENERATE_SWIFT_ASSET_SYMBOL_EXTENSIONS = YES;
				CLANG_ANALYZER_NONNULL = YES;
				CLANG_ANALYZER_NUMBER_OBJECT_CONVERSION = YES_AGGRESSIVE;
				CLANG_CXX_LANGUAGE_STANDARD = "gnu++20";
				CLANG_ENABLE_MODULES = YES;
				CLANG_ENABLE_OBJC_ARC = YES;
				CLANG_ENABLE_OBJC_WEAK = YES;
				CLANG_WARN_BLOCK_CAPTURE_AUTORELEASING = YES;
				CLANG_WARN_BOOL_CONVERSION = YES;
				CLANG_WARN_COMMA = YES;
				CLANG_WARN_CONSTANT_CONVERSION = YES;
				CLANG_WARN_DEPRECATED_OBJC_IMPLEMENTATIONS = YES;
				CLANG_WARN_DIRECT_OBJC_ISA_USAGE = YES_ERROR;
				CLANG_WARN_DOCUMENTATION_COMMENTS = YES;
				CLANG_WARN_EMPTY_BODY = YES;
				CLANG_WARN_ENUM_CONVERSION = YES;
				CLANG_WARN_INFINITE_RECURSION = YES;
				CLANG_WARN_INT_CONVERSION = YES;
				CLANG_WARN_NON_LITERAL_NULL_CONVERSION = YES;
				CLANG_WARN_OBJC_IMPLICIT_RETAIN_SELF = YES;
				CLANG_WARN_OBJC_LITERAL_CONVERSION = YES;
				CLANG_WARN_OBJC_ROOT_CLASS = YES_ERROR;
				CLANG_WARN_QUOTED_INCLUDE_IN_FRAMEWORK_HEADER = YES;
				CLANG_WARN_RANGE_LOOP_ANALYSIS = YES;
				CLANG_WARN_STRICT_PROTOTYPES = YES;
				CLANG_WARN_SUSPICIOUS_MOVE = YES;
				CLANG_WARN_UNGUARDED_AVAILABILITY = YES_AGGRESSIVE;
				CLANG_WARN_UNREACHABLE_CODE = YES;
				CLANG_WARN__DUPLICATE_METHOD_MATCH = YES;
				COPY_PHASE_STRIP = NO;
				DEBUG_INFORMATION_FORMAT = "dwarf-with-dsym";
				ENABLE_NS_ASSERTIONS = NO;
				ENABLE_STRICT_OBJC_MSGSEND = YES;
				ENABLE_USER_SCRIPT_SANDBOXING = YES;
				GCC_C_LANGUAGE_STANDARD = gnu17;
				GCC_NO_COMMON_BLOCKS = YES;
				GCC_WARN_64_TO_32_BIT_CONVERSION = YES;
				GCC_WARN_ABOUT_RETURN_TYPE = YES_ERROR;
				GCC_WARN_UNDECLARED_SELECTOR = YES;
				GCC_WARN_UNINITIALIZED_AUTOS = YES_AGGRESSIVE;
				GCC_WARN_UNUSED_FUNCTION = YES;
				GCC_WARN_UNUSED_VARIABLE = YES;
				IPHONEOS_DEPLOYMENT_TARGET = 17.4;
				LOCALIZATION_PREFERS_STRING_CATALOGS = YES;
				MTL_ENABLE_DEBUG_INFO = NO;
				MTL_FAST_MATH = YES;
				SDKROOT = iphoneos;
				SWIFT_COMPILATION_MODE = wholemodule;
				VALIDATE_PRODUCT = YES;
			};
			name = Release;
		};
		52026CB52BDF3286009B8825 /* Debug */ = {
			isa = XCBuildConfiguration;
			buildSettings = {
				ASSETCATALOG_COMPILER_APPICON_NAME = AppIcon;
				ASSETCATALOG_COMPILER_GLOBAL_ACCENT_COLOR_NAME = AccentColor;
				CODE_SIGN_STYLE = Automatic;
				CURRENT_PROJECT_VERSION = 1;
				DEVELOPMENT_ASSET_PATHS = "\"Animalia/Preview Content\"";
				ENABLE_PREVIEWS = YES;
				GENERATE_INFOPLIST_FILE = YES;
				INFOPLIST_FILE = Animalia/Info.plist;
				INFOPLIST_KEY_UIApplicationSceneManifest_Generation = YES;
				INFOPLIST_KEY_UIApplicationSupportsIndirectInputEvents = YES;
				INFOPLIST_KEY_UISupportedInterfaceOrientations_iPad = "UIInterfaceOrientationPortrait UIInterfaceOrientationPortraitUpsideDown UIInterfaceOrientationLandscapeLeft UIInterfaceOrientationLandscapeRight";
				INFOPLIST_KEY_UISupportedInterfaceOrientations_iPhone = "UIInterfaceOrientationPortrait UIInterfaceOrientationLandscapeLeft UIInterfaceOrientationLandscapeRight";
				INFOPLIST_KEY_UIUserInterfaceStyle = Dark;
				IPHONEOS_DEPLOYMENT_TARGET = 17.0;
				LD_RUNPATH_SEARCH_PATHS = (
					"$(inherited)",
					"@executable_path/Frameworks",
				);
				MARKETING_VERSION = 1.0;
				PRODUCT_BUNDLE_IDENTIFIER = com.dira.Animalia;
				PRODUCT_NAME = "$(TARGET_NAME)";
				SWIFT_EMIT_LOC_STRINGS = YES;
				SWIFT_VERSION = 5.0;
				TARGETED_DEVICE_FAMILY = "1,2";
			};
			name = Debug;
		};
		52026CB62BDF3286009B8825 /* Release */ = {
			isa = XCBuildConfiguration;
			buildSettings = {
				ASSETCATALOG_COMPILER_APPICON_NAME = AppIcon;
				ASSETCATALOG_COMPILER_GLOBAL_ACCENT_COLOR_NAME = AccentColor;
				CODE_SIGN_STYLE = Automatic;
				CURRENT_PROJECT_VERSION = 1;
				DEVELOPMENT_ASSET_PATHS = "\"Animalia/Preview Content\"";
				ENABLE_PREVIEWS = YES;
				GENERATE_INFOPLIST_FILE = YES;
				INFOPLIST_FILE = Animalia/Info.plist;
				INFOPLIST_KEY_UIApplicationSceneManifest_Generation = YES;
				INFOPLIST_KEY_UIApplicationSupportsIndirectInputEvents = YES;
				INFOPLIST_KEY_UISupportedInterfaceOrientations_iPad = "UIInterfaceOrientationPortrait UIInterfaceOrientationPortraitUpsideDown UIInterfaceOrientationLandscapeLeft UIInterfaceOrientationLandscapeRight";
				INFOPLIST_KEY_UISupportedInterfaceOrientations_iPhone = "UIInterfaceOrientationPortrait UIInterfaceOrientationLandscapeLeft UIInterfaceOrientationLandscapeRight";
				INFOPLIST_KEY_UIUserInterfaceStyle = Dark;
				IPHONEOS_DEPLOYMENT_TARGET = 17.0;
				LD_RUNPATH_SEARCH_PATHS = (
					"$(inherited)",
					"@executable_path/Frameworks",
				);
				MARKETING_VERSION = 1.0;
				PRODUCT_BUNDLE_IDENTIFIER = com.dira.Animalia;
				PRODUCT_NAME = "$(TARGET_NAME)";
				SWIFT_EMIT_LOC_STRINGS = YES;
				SWIFT_VERSION = 5.0;
				TARGETED_DEVICE_FAMILY = "1,2";
			};
			name = Release;
		};
/* End XCBuildConfiguration section */

/* Begin XCConfigurationList section */
		52026CA12BDF3285009B8825 /* Build configuration list for PBXProject "Animalia" */ = {
			isa = XCConfigurationList;
			buildConfigurations = (
				52026CB22BDF3286009B8825 /* Debug */,
				52026CB32BDF3286009B8825 /* Release */,
			);
			defaultConfigurationIsVisible = 0;
			defaultConfigurationName = Release;
		};
		52026CB42BDF3286009B8825 /* Build configuration list for PBXNativeTarget "Animalia" */ = {
			isa = XCConfigurationList;
			buildConfigurations = (
				52026CB52BDF3286009B8825 /* Debug */,
				52026CB62BDF3286009B8825 /* Release */,
			);
			defaultConfigurationIsVisible = 0;
			defaultConfigurationName = Release;
		};
/* End XCConfigurationList section */
	};
	rootObject = 52026C9E2BDF3285009B8825 /* Project object */;
}
